
Microsoft Visual Studio Solution File, Format Version 12.00
# Visual Studio Version 17
VisualStudioVersion = 17.11.35303.130
MinimumVisualStudioVersion = 10.0.40219.1
Project("{2150E333-8FDC-42A3-9474-1A3956D46DE8}") = "Applications", "Applications", "{D0D5CF97-A9EC-4B37-8E6E-E6EABD056B66}"
EndProject
Project("{2150E333-8FDC-42A3-9474-1A3956D46DE8}") = "Libraries", "Libraries", "{9AB6042C-0E25-4F5D-B4DD-3D5522C9B547}"
EndProject
Project("{9A19103F-16F7-4668-BE54-9A1E7A4F7556}") = "SV21T1020037.Web", "SV21T1020037.Web\SV21T1020037.Web.csproj", "{4F9FEF14-1874-47D3-A445-3D77B3D37EF4}"
EndProject
Project("{9A19103F-16F7-4668-BE54-9A1E7A4F7556}") = "SV21T1020037.DomainModels", "SV21T1020037.DomainModels\SV21T1020037.DomainModels.csproj", "{2E84D7A5-0C96-45DE-854A-99DCF9C5446A}"
EndProject
Project("{9A19103F-16F7-4668-BE54-9A1E7A4F7556}") = "SV21T1020037.DataLayers", "SV21T1020037.DataLayers\SV21T1020037.DataLayers.csproj", "{E6839B65-37AA-492C-AA56-5224065F4E54}"
EndProject
Project("{9A19103F-16F7-4668-BE54-9A1E7A4F7556}") = "SV21T1020037.BusinessLayer", "SV21T1020037.BusinessLayer\SV21T1020037.BusinessLayer.csproj", "{666B5776-3E90-40B7-A7D1-729A2029EC79}"
EndProject
Project("{FAE04EC0-301F-11D3-BF4B-00C04F79EFBC}") = "SV21T1020037.Shop", "SV21T1020037.Shop\SV21T1020037.Shop.csproj", "{DBD4CD64-BB36-492E-9F29-D7F01BC34C2B}"
EndProject
Global
	GlobalSection(SolutionConfigurationPlatforms) = preSolution
		Debug|Any CPU = Debug|Any CPU
		Release|Any CPU = Release|Any CPU
	EndGlobalSection
	GlobalSection(ProjectConfigurationPlatforms) = postSolution
		{4F9FEF14-1874-47D3-A445-3D77B3D37EF4}.Debug|Any CPU.ActiveCfg = Debug|Any CPU
		{4F9FEF14-1874-47D3-A445-3D77B3D37EF4}.Debug|Any CPU.Build.0 = Debug|Any CPU
		{4F9FEF14-1874-47D3-A445-3D77B3D37EF4}.Release|Any CPU.ActiveCfg = Release|Any CPU
		{4F9FEF14-1874-47D3-A445-3D77B3D37EF4}.Release|Any CPU.Build.0 = Release|Any CPU
		{2E84D7A5-0C96-45DE-854A-99DCF9C5446A}.Debug|Any CPU.ActiveCfg = Debug|Any CPU
		{2E84D7A5-0C96-45DE-854A-99DCF9C5446A}.Debug|Any CPU.Build.0 = Debug|Any CPU
		{2E84D7A5-0C96-45DE-854A-99DCF9C5446A}.Release|Any CPU.ActiveCfg = Release|Any CPU
		{2E84D7A5-0C96-45DE-854A-99DCF9C5446A}.Release|Any CPU.Build.0 = Release|Any CPU
		{E6839B65-37AA-492C-AA56-5224065F4E54}.Debug|Any CPU.ActiveCfg = Debug|Any CPU
		{E6839B65-37AA-492C-AA56-5224065F4E54}.Debug|Any CPU.Build.0 = Debug|Any CPU
		{E6839B65-37AA-492C-AA56-5224065F4E54}.Release|Any CPU.ActiveCfg = Release|Any CPU
		{E6839B65-37AA-492C-AA56-5224065F4E54}.Release|Any CPU.Build.0 = Release|Any CPU
		{666B5776-3E90-40B7-A7D1-729A2029EC79}.Debug|Any CPU.ActiveCfg = Debug|Any CPU
		{666B5776-3E90-40B7-A7D1-729A2029EC79}.Debug|Any CPU.Build.0 = Debug|Any CPU
		{666B5776-3E90-40B7-A7D1-729A2029EC79}.Release|Any CPU.ActiveCfg = Release|Any CPU
		{666B5776-3E90-40B7-A7D1-729A2029EC79}.Release|Any CPU.Build.0 = Release|Any CPU
		{DBD4CD64-BB36-492E-9F29-D7F01BC34C2B}.Debug|Any CPU.ActiveCfg = Debug|Any CPU
		{DBD4CD64-BB36-492E-9F29-D7F01BC34C2B}.Debug|Any CPU.Build.0 = Debug|Any CPU
		{DBD4CD64-BB36-492E-9F29-D7F01BC34C2B}.Release|Any CPU.ActiveCfg = Release|Any CPU
		{DBD4CD64-BB36-492E-9F29-D7F01BC34C2B}.Release|Any CPU.Build.0 = Release|Any CPU
	EndGlobalSection
	GlobalSection(SolutionProperties) = preSolution
		HideSolutionNode = FALSE
	EndGlobalSection
	GlobalSection(NestedProjects) = preSolution
		{4F9FEF14-1874-47D3-A445-3D77B3D37EF4} = {D0D5CF97-A9EC-4B37-8E6E-E6EABD056B66}
		{2E84D7A5-0C96-45DE-854A-99DCF9C5446A} = {9AB6042C-0E25-4F5D-B4DD-3D5522C9B547}
		{E6839B65-37AA-492C-AA56-5224065F4E54} = {9AB6042C-0E25-4F5D-B4DD-3D5522C9B547}
		{666B5776-3E90-40B7-A7D1-729A2029EC79} = {9AB6042C-0E25-4F5D-B4DD-3D5522C9B547}
		{DBD4CD64-BB36-492E-9F29-D7F01BC34C2B} = {D0D5CF97-A9EC-4B37-8E6E-E6EABD056B66}
	EndGlobalSection
	GlobalSection(ExtensibilityGlobals) = postSolution
		SolutionGuid = {B2FF9128-D913-4F80-AB14-38AEF86F64AF}
	EndGlobalSection
EndGlobal
